
Microsoft Visual Studio Solution File, Format Version 12.00
# Visual Studio Version 17
VisualStudioVersion = 17.13.35913.81 d17.13
MinimumVisualStudioVersion = 10.0.40219.1
Project("{54A90642-561A-4BB1-A94E-469ADEE60C69}") = "library-management-system.client", "library-management-system.client\library-management-system.client.esproj", "{70459F67-BA21-B9A8-DFDE-C1EAB7934569}"
EndProject
Project("{FAE04EC0-301F-11D3-BF4B-00C04F79EFBC}") = "library-management-system.Server", "library-management-system.Server\library-management-system.Server.csproj", "{3A2BC6F3-1392-4524-B954-223B137C5B49}"
EndProject
Global
	GlobalSection(SolutionConfigurationPlatforms) = preSolution
		Debug|Any CPU = Debug|Any CPU
		Release|Any CPU = Release|Any CPU
	EndGlobalSection
	GlobalSection(ProjectConfigurationPlatforms) = postSolution
		{70459F67-BA21-B9A8-DFDE-C1EAB7934569}.Debug|Any CPU.ActiveCfg = Debug|Any CPU
		{70459F67-BA21-B9A8-DFDE-C1EAB7934569}.Debug|Any CPU.Build.0 = Debug|Any CPU
		{70459F67-BA21-B9A8-DFDE-C1EAB7934569}.Debug|Any CPU.Deploy.0 = Debug|Any CPU
		{70459F67-BA21-B9A8-DFDE-C1EAB7934569}.Release|Any CPU.ActiveCfg = Release|Any CPU
		{70459F67-BA21-B9A8-DFDE-C1EAB7934569}.Release|Any CPU.Build.0 = Release|Any CPU
		{70459F67-BA21-B9A8-DFDE-C1EAB7934569}.Release|Any CPU.Deploy.0 = Release|Any CPU
		{3A2BC6F3-1392-4524-B954-223B137C5B49}.Debug|Any CPU.ActiveCfg = Debug|Any CPU
		{3A2BC6F3-1392-4524-B954-223B137C5B49}.Debug|Any CPU.Build.0 = Debug|Any CPU
		{3A2BC6F3-1392-4524-B954-223B137C5B49}.Release|Any CPU.ActiveCfg = Release|Any CPU
		{3A2BC6F3-1392-4524-B954-223B137C5B49}.Release|Any CPU.Build.0 = Release|Any CPU
	EndGlobalSection
	GlobalSection(SolutionProperties) = preSolution
		HideSolutionNode = FALSE
	EndGlobalSection
	GlobalSection(ExtensibilityGlobals) = postSolution
		SolutionGuid = {4FF0F308-9CF2-4A49-AD65-2D6813DFEA06}
	EndGlobalSection
EndGlobal
